
Microsoft Visual Studio Solution File, Format Version 12.00
# Visual Studio 15
VisualStudioVersion = 15.0.28307.902
MinimumVisualStudioVersion = 10.0.40219.1
Project("{D954291E-2A0B-460D-934E-DC6B0785DB48}") = "Thread", "Thread\Thread.shproj", "{749DC6FD-10C9-4AE7-A072-23A73322CE41}"
EndProject
Global
	GlobalSection(SharedMSBuildProjectFiles) = preSolution
		Thread\Thread.projitems*{749dc6fd-10c9-4ae7-a072-23a73322ce41}*SharedItemsImports = 13
	EndGlobalSection
	GlobalSection(SolutionProperties) = preSolution
		HideSolutionNode = FALSE
	EndGlobalSection
	GlobalSection(ExtensibilityGlobals) = postSolution
		SolutionGuid = {1BE75257-2133-4893-BBDB-A417468A0519}
	EndGlobalSection
EndGlobal
