
Microsoft Visual Studio Solution File, Format Version 12.00
# Visual Studio 15
VisualStudioVersion = 15.0.28307.902
MinimumVisualStudioVersion = 10.0.40219.1
Project("{2150E333-8FDC-42A3-9474-1A3956D46DE8}") = "Lesson_01", "Lesson_01", "{37BAC80E-B505-48B1-A2D6-499485F278A6}"
EndProject
Project("{FAE04EC0-301F-11D3-BF4B-00C04F79EFBC}") = "L01.p1", "L01.p1\L01.p1.csproj", "{934EB693-448C-4A50-8D98-1D7585C5806D}"
EndProject
Project("{FAE04EC0-301F-11D3-BF4B-00C04F79EFBC}") = "L01.p2", "L01.p2\L01.p2.csproj", "{C1F1644F-37D9-473C-B3AF-E65BA47F8002}"
EndProject
Project("{FAE04EC0-301F-11D3-BF4B-00C04F79EFBC}") = "L01.p3", "L01.p3\L01.p3.csproj", "{BFFD7E82-79AF-4653-8BFE-456AA88E268C}"
EndProject
Project("{FAE04EC0-301F-11D3-BF4B-00C04F79EFBC}") = "L01.p4", "L01.p4\L01.p4.csproj", "{0F805D32-DF45-42C2-9541-D2CDCDD532F3}"
EndProject
Project("{FAE04EC0-301F-11D3-BF4B-00C04F79EFBC}") = "L01.p5", "L01.p5\L01.p5.csproj", "{F46D7150-995E-49E9-8DDF-7D8BBDBBF9CD}"
EndProject
Project("{2150E333-8FDC-42A3-9474-1A3956D46DE8}") = "Lesson_02", "Lesson_02", "{4B093A2E-0AF1-4D50-BC7E-84E9154471E2}"
EndProject
Project("{FAE04EC0-301F-11D3-BF4B-00C04F79EFBC}") = "L01.p6", "L01.p6\L01.p6.csproj", "{BBE6A5B3-628A-4BF8-87BA-7CF372E0D6EA}"
EndProject
Project("{FAE04EC0-301F-11D3-BF4B-00C04F79EFBC}") = "L02.p1", "L02.p1\L02.p1.csproj", "{4FF060B6-DACD-4E39-94A7-84090BEDA69D}"
EndProject
Project("{FAE04EC0-301F-11D3-BF4B-00C04F79EFBC}") = "L02.p2", "L02.p2\L02.p2.csproj", "{6D3FD62A-4B73-4C28-ADD5-F06689D9398E}"
EndProject
Project("{FAE04EC0-301F-11D3-BF4B-00C04F79EFBC}") = "L02.p3", "L02.p3\L02.p3.csproj", "{BF4FDA60-7EEB-4DC0-B1E5-414617C332A8}"
EndProject
Project("{FAE04EC0-301F-11D3-BF4B-00C04F79EFBC}") = "L02.p4", "L02.p4\L02.p4.csproj", "{D5D8CB30-B936-46C4-9106-52B963962930}"
EndProject
Project("{FAE04EC0-301F-11D3-BF4B-00C04F79EFBC}") = "L02.p5", "L02.p5\L02.p5.csproj", "{E2DD0126-6BAB-41DC-B25F-CB50DBF3A54B}"
EndProject
Project("{FAE04EC0-301F-11D3-BF4B-00C04F79EFBC}") = "L02.p6", "L02.p6\L02.p6.csproj", "{1694E0C8-0108-410D-9F71-9D5090D22861}"
EndProject
Project("{FAE04EC0-301F-11D3-BF4B-00C04F79EFBC}") = "L02.p7", "L02.p7\L02.p7.csproj", "{4B72D682-AF6A-4A69-861E-F400E8F082A3}"
EndProject
Project("{2150E333-8FDC-42A3-9474-1A3956D46DE8}") = "Lesson_03", "Lesson_03", "{E8635806-3542-4142-ABEB-7A36397B993F}"
EndProject
Project("{FAE04EC0-301F-11D3-BF4B-00C04F79EFBC}") = "L03.p1", "L03.p1\L03.p1.csproj", "{1E9C21DD-B084-4CE0-B4C2-EA41520357DD}"
EndProject
Project("{2150E333-8FDC-42A3-9474-1A3956D46DE8}") = "Lesson_04", "Lesson_04", "{851969E4-3073-433F-8D7E-29F560DA53AB}"
EndProject
Project("{FAE04EC0-301F-11D3-BF4B-00C04F79EFBC}") = "L04.p1", "L04.p1\L04.p1.csproj", "{60FC6D6D-B7DC-4BE6-82FE-BFEEEC78AD00}"
EndProject
Project("{2150E333-8FDC-42A3-9474-1A3956D46DE8}") = "Lesson_05", "Lesson_05", "{C6F3DE95-D06E-4750-9833-E9B85CCC4627}"
EndProject
Project("{FAE04EC0-301F-11D3-BF4B-00C04F79EFBC}") = "L05.p1", "L05.p1\L05.p1.csproj", "{5350538C-03F2-4C14-A788-6F2D5FAA5C2E}"
EndProject
Project("{FAE04EC0-301F-11D3-BF4B-00C04F79EFBC}") = "L05.p2", "L05.p2\L05.p2.csproj", "{CAB7FC0F-C8A5-4C38-8CD8-0F74A41ADA6C}"
EndProject
Project("{FAE04EC0-301F-11D3-BF4B-00C04F79EFBC}") = "L05.p3", "L05.p3\L05.p3.csproj", "{3E93FE99-2D70-4B66-9A53-4A9B40A240AD}"
EndProject
Project("{FAE04EC0-301F-11D3-BF4B-00C04F79EFBC}") = "L05.p4", "L05.p4\L05.p4.csproj", "{CC1FB6AF-96F8-4AA2-89F5-06719009B3DB}"
EndProject
Project("{FAE04EC0-301F-11D3-BF4B-00C04F79EFBC}") = "L05.p5", "L05.p5\L05.p5.csproj", "{F0211129-B7A0-48DA-A311-C8D1C6C57108}"
EndProject
Project("{FAE04EC0-301F-11D3-BF4B-00C04F79EFBC}") = "L05.p6", "L05.p6\L05.p6.csproj", "{7966E964-C3A2-4566-9427-87E4A26B8102}"
EndProject
Project("{FAE04EC0-301F-11D3-BF4B-00C04F79EFBC}") = "L05.p7", "L05.p7\L05.p7.csproj", "{81C3483F-FAD6-486F-9F6E-FF06564EA857}"
EndProject
Project("{FAE04EC0-301F-11D3-BF4B-00C04F79EFBC}") = "L05.p8", "L05.p8\L05.p8.csproj", "{29D6D9F3-E08C-4CE3-8573-24A6D654A3B6}"
EndProject
Project("{FAE04EC0-301F-11D3-BF4B-00C04F79EFBC}") = "L05.p9", "L05.p9\L05.p9.csproj", "{B2E0B5D2-DC46-4AC7-9C00-53D067B2ABF1}"
EndProject
Project("{2150E333-8FDC-42A3-9474-1A3956D46DE8}") = "Homework", "Homework", "{26DECFD1-767E-4638-9F6D-1751ADB4BB93}"
EndProject
Project("{FAE04EC0-301F-11D3-BF4B-00C04F79EFBC}") = "Homework.z1", "Homework.z1\Homework.z1.csproj", "{6E261D94-B1C5-4622-B827-F7A2AA7A479D}"
EndProject
Project("{2150E333-8FDC-42A3-9474-1A3956D46DE8}") = "Async", "Async", "{5C67D1C1-9AEA-4A75-9388-C3D34C5EDDD0}"
EndProject
Project("{FAE04EC0-301F-11D3-BF4B-00C04F79EFBC}") = "Async.p1", "Async.p1\Async.p1.csproj", "{997AA6A0-E558-485E-BE9F-1CEB64C07516}"
EndProject
Project("{FAE04EC0-301F-11D3-BF4B-00C04F79EFBC}") = "Async.p2", "Async.p2\Async.p2.csproj", "{A8E6F7AF-FE0D-467B-982F-05B7538794AF}"
EndProject
Project("{FAE04EC0-301F-11D3-BF4B-00C04F79EFBC}") = "Async.p3", "Async.p3\Async.p3.csproj", "{A08D5125-1A35-4652-B295-93D1CC3F901F}"
EndProject
Project("{FAE04EC0-301F-11D3-BF4B-00C04F79EFBC}") = "Async.p4", "Async.p4\Async.p4.csproj", "{F9E3408D-B64C-44BF-91C7-FC1AE27ED362}"
EndProject
Project("{FAE04EC0-301F-11D3-BF4B-00C04F79EFBC}") = "Async.p5", "Async.p5\Async.p5.csproj", "{2757C3F3-2A0C-4FBC-8002-C964D2967CC4}"
EndProject
Project("{FAE04EC0-301F-11D3-BF4B-00C04F79EFBC}") = "Async.p6", "Async.p6\Async.p6.csproj", "{E1C62761-7C43-425E-ADB4-E1D3CBE33B53}"
EndProject
Project("{FAE04EC0-301F-11D3-BF4B-00C04F79EFBC}") = "Async.p7", "Async.p7\Async.p7.csproj", "{9136B63F-C4B0-44A1-B5E5-D9093CBBC973}"
EndProject
Project("{FAE04EC0-301F-11D3-BF4B-00C04F79EFBC}") = "Async.p8", "Async.p8\Async.p8.csproj", "{8808F48B-4EC3-4267-8748-10176498DB8E}"
EndProject
Project("{FAE04EC0-301F-11D3-BF4B-00C04F79EFBC}") = "Async.p9", "Async.p9\Async.p9.csproj", "{EAFD1A08-E37C-41BC-83CF-C622E7534197}"
EndProject
Project("{FAE04EC0-301F-11D3-BF4B-00C04F79EFBC}") = "Async.p10", "Async.p10\Async.p10.csproj", "{060CB983-19F6-4B00-B68E-CAD470A50368}"
EndProject
Global
	GlobalSection(SolutionConfigurationPlatforms) = preSolution
		Debug|Any CPU = Debug|Any CPU
		Release|Any CPU = Release|Any CPU
	EndGlobalSection
	GlobalSection(ProjectConfigurationPlatforms) = postSolution
		{934EB693-448C-4A50-8D98-1D7585C5806D}.Debug|Any CPU.ActiveCfg = Debug|Any CPU
		{934EB693-448C-4A50-8D98-1D7585C5806D}.Debug|Any CPU.Build.0 = Debug|Any CPU
		{934EB693-448C-4A50-8D98-1D7585C5806D}.Release|Any CPU.ActiveCfg = Release|Any CPU
		{934EB693-448C-4A50-8D98-1D7585C5806D}.Release|Any CPU.Build.0 = Release|Any CPU
		{C1F1644F-37D9-473C-B3AF-E65BA47F8002}.Debug|Any CPU.ActiveCfg = Debug|Any CPU
		{C1F1644F-37D9-473C-B3AF-E65BA47F8002}.Debug|Any CPU.Build.0 = Debug|Any CPU
		{C1F1644F-37D9-473C-B3AF-E65BA47F8002}.Release|Any CPU.ActiveCfg = Release|Any CPU
		{C1F1644F-37D9-473C-B3AF-E65BA47F8002}.Release|Any CPU.Build.0 = Release|Any CPU
		{BFFD7E82-79AF-4653-8BFE-456AA88E268C}.Debug|Any CPU.ActiveCfg = Debug|Any CPU
		{BFFD7E82-79AF-4653-8BFE-456AA88E268C}.Debug|Any CPU.Build.0 = Debug|Any CPU
		{BFFD7E82-79AF-4653-8BFE-456AA88E268C}.Release|Any CPU.ActiveCfg = Release|Any CPU
		{BFFD7E82-79AF-4653-8BFE-456AA88E268C}.Release|Any CPU.Build.0 = Release|Any CPU
		{0F805D32-DF45-42C2-9541-D2CDCDD532F3}.Debug|Any CPU.ActiveCfg = Debug|Any CPU
		{0F805D32-DF45-42C2-9541-D2CDCDD532F3}.Debug|Any CPU.Build.0 = Debug|Any CPU
		{0F805D32-DF45-42C2-9541-D2CDCDD532F3}.Release|Any CPU.ActiveCfg = Release|Any CPU
		{0F805D32-DF45-42C2-9541-D2CDCDD532F3}.Release|Any CPU.Build.0 = Release|Any CPU
		{F46D7150-995E-49E9-8DDF-7D8BBDBBF9CD}.Debug|Any CPU.ActiveCfg = Debug|Any CPU
		{F46D7150-995E-49E9-8DDF-7D8BBDBBF9CD}.Debug|Any CPU.Build.0 = Debug|Any CPU
		{F46D7150-995E-49E9-8DDF-7D8BBDBBF9CD}.Release|Any CPU.ActiveCfg = Release|Any CPU
		{F46D7150-995E-49E9-8DDF-7D8BBDBBF9CD}.Release|Any CPU.Build.0 = Release|Any CPU
		{BBE6A5B3-628A-4BF8-87BA-7CF372E0D6EA}.Debug|Any CPU.ActiveCfg = Debug|Any CPU
		{BBE6A5B3-628A-4BF8-87BA-7CF372E0D6EA}.Debug|Any CPU.Build.0 = Debug|Any CPU
		{BBE6A5B3-628A-4BF8-87BA-7CF372E0D6EA}.Release|Any CPU.ActiveCfg = Release|Any CPU
		{BBE6A5B3-628A-4BF8-87BA-7CF372E0D6EA}.Release|Any CPU.Build.0 = Release|Any CPU
		{4FF060B6-DACD-4E39-94A7-84090BEDA69D}.Debug|Any CPU.ActiveCfg = Debug|Any CPU
		{4FF060B6-DACD-4E39-94A7-84090BEDA69D}.Debug|Any CPU.Build.0 = Debug|Any CPU
		{4FF060B6-DACD-4E39-94A7-84090BEDA69D}.Release|Any CPU.ActiveCfg = Release|Any CPU
		{4FF060B6-DACD-4E39-94A7-84090BEDA69D}.Release|Any CPU.Build.0 = Release|Any CPU
		{6D3FD62A-4B73-4C28-ADD5-F06689D9398E}.Debug|Any CPU.ActiveCfg = Debug|Any CPU
		{6D3FD62A-4B73-4C28-ADD5-F06689D9398E}.Debug|Any CPU.Build.0 = Debug|Any CPU
		{6D3FD62A-4B73-4C28-ADD5-F06689D9398E}.Release|Any CPU.ActiveCfg = Release|Any CPU
		{6D3FD62A-4B73-4C28-ADD5-F06689D9398E}.Release|Any CPU.Build.0 = Release|Any CPU
		{BF4FDA60-7EEB-4DC0-B1E5-414617C332A8}.Debug|Any CPU.ActiveCfg = Debug|Any CPU
		{BF4FDA60-7EEB-4DC0-B1E5-414617C332A8}.Debug|Any CPU.Build.0 = Debug|Any CPU
		{BF4FDA60-7EEB-4DC0-B1E5-414617C332A8}.Release|Any CPU.ActiveCfg = Release|Any CPU
		{BF4FDA60-7EEB-4DC0-B1E5-414617C332A8}.Release|Any CPU.Build.0 = Release|Any CPU
		{D5D8CB30-B936-46C4-9106-52B963962930}.Debug|Any CPU.ActiveCfg = Debug|Any CPU
		{D5D8CB30-B936-46C4-9106-52B963962930}.Debug|Any CPU.Build.0 = Debug|Any CPU
		{D5D8CB30-B936-46C4-9106-52B963962930}.Release|Any CPU.ActiveCfg = Release|Any CPU
		{D5D8CB30-B936-46C4-9106-52B963962930}.Release|Any CPU.Build.0 = Release|Any CPU
		{E2DD0126-6BAB-41DC-B25F-CB50DBF3A54B}.Debug|Any CPU.ActiveCfg = Debug|Any CPU
		{E2DD0126-6BAB-41DC-B25F-CB50DBF3A54B}.Debug|Any CPU.Build.0 = Debug|Any CPU
		{E2DD0126-6BAB-41DC-B25F-CB50DBF3A54B}.Release|Any CPU.ActiveCfg = Release|Any CPU
		{E2DD0126-6BAB-41DC-B25F-CB50DBF3A54B}.Release|Any CPU.Build.0 = Release|Any CPU
		{1694E0C8-0108-410D-9F71-9D5090D22861}.Debug|Any CPU.ActiveCfg = Debug|Any CPU
		{1694E0C8-0108-410D-9F71-9D5090D22861}.Debug|Any CPU.Build.0 = Debug|Any CPU
		{1694E0C8-0108-410D-9F71-9D5090D22861}.Release|Any CPU.ActiveCfg = Release|Any CPU
		{1694E0C8-0108-410D-9F71-9D5090D22861}.Release|Any CPU.Build.0 = Release|Any CPU
		{4B72D682-AF6A-4A69-861E-F400E8F082A3}.Debug|Any CPU.ActiveCfg = Debug|Any CPU
		{4B72D682-AF6A-4A69-861E-F400E8F082A3}.Debug|Any CPU.Build.0 = Debug|Any CPU
		{4B72D682-AF6A-4A69-861E-F400E8F082A3}.Release|Any CPU.ActiveCfg = Release|Any CPU
		{4B72D682-AF6A-4A69-861E-F400E8F082A3}.Release|Any CPU.Build.0 = Release|Any CPU
		{1E9C21DD-B084-4CE0-B4C2-EA41520357DD}.Debug|Any CPU.ActiveCfg = Debug|Any CPU
		{1E9C21DD-B084-4CE0-B4C2-EA41520357DD}.Debug|Any CPU.Build.0 = Debug|Any CPU
		{1E9C21DD-B084-4CE0-B4C2-EA41520357DD}.Release|Any CPU.ActiveCfg = Release|Any CPU
		{1E9C21DD-B084-4CE0-B4C2-EA41520357DD}.Release|Any CPU.Build.0 = Release|Any CPU
		{60FC6D6D-B7DC-4BE6-82FE-BFEEEC78AD00}.Debug|Any CPU.ActiveCfg = Debug|Any CPU
		{60FC6D6D-B7DC-4BE6-82FE-BFEEEC78AD00}.Debug|Any CPU.Build.0 = Debug|Any CPU
		{60FC6D6D-B7DC-4BE6-82FE-BFEEEC78AD00}.Release|Any CPU.ActiveCfg = Release|Any CPU
		{60FC6D6D-B7DC-4BE6-82FE-BFEEEC78AD00}.Release|Any CPU.Build.0 = Release|Any CPU
		{5350538C-03F2-4C14-A788-6F2D5FAA5C2E}.Debug|Any CPU.ActiveCfg = Debug|Any CPU
		{5350538C-03F2-4C14-A788-6F2D5FAA5C2E}.Debug|Any CPU.Build.0 = Debug|Any CPU
		{5350538C-03F2-4C14-A788-6F2D5FAA5C2E}.Release|Any CPU.ActiveCfg = Release|Any CPU
		{5350538C-03F2-4C14-A788-6F2D5FAA5C2E}.Release|Any CPU.Build.0 = Release|Any CPU
		{CAB7FC0F-C8A5-4C38-8CD8-0F74A41ADA6C}.Debug|Any CPU.ActiveCfg = Debug|Any CPU
		{CAB7FC0F-C8A5-4C38-8CD8-0F74A41ADA6C}.Debug|Any CPU.Build.0 = Debug|Any CPU
		{CAB7FC0F-C8A5-4C38-8CD8-0F74A41ADA6C}.Release|Any CPU.ActiveCfg = Release|Any CPU
		{CAB7FC0F-C8A5-4C38-8CD8-0F74A41ADA6C}.Release|Any CPU.Build.0 = Release|Any CPU
		{3E93FE99-2D70-4B66-9A53-4A9B40A240AD}.Debug|Any CPU.ActiveCfg = Debug|Any CPU
		{3E93FE99-2D70-4B66-9A53-4A9B40A240AD}.Debug|Any CPU.Build.0 = Debug|Any CPU
		{3E93FE99-2D70-4B66-9A53-4A9B40A240AD}.Release|Any CPU.ActiveCfg = Release|Any CPU
		{3E93FE99-2D70-4B66-9A53-4A9B40A240AD}.Release|Any CPU.Build.0 = Release|Any CPU
		{CC1FB6AF-96F8-4AA2-89F5-06719009B3DB}.Debug|Any CPU.ActiveCfg = Debug|Any CPU
		{CC1FB6AF-96F8-4AA2-89F5-06719009B3DB}.Debug|Any CPU.Build.0 = Debug|Any CPU
		{CC1FB6AF-96F8-4AA2-89F5-06719009B3DB}.Release|Any CPU.ActiveCfg = Release|Any CPU
		{CC1FB6AF-96F8-4AA2-89F5-06719009B3DB}.Release|Any CPU.Build.0 = Release|Any CPU
		{F0211129-B7A0-48DA-A311-C8D1C6C57108}.Debug|Any CPU.ActiveCfg = Debug|Any CPU
		{F0211129-B7A0-48DA-A311-C8D1C6C57108}.Debug|Any CPU.Build.0 = Debug|Any CPU
		{F0211129-B7A0-48DA-A311-C8D1C6C57108}.Release|Any CPU.ActiveCfg = Release|Any CPU
		{F0211129-B7A0-48DA-A311-C8D1C6C57108}.Release|Any CPU.Build.0 = Release|Any CPU
		{7966E964-C3A2-4566-9427-87E4A26B8102}.Debug|Any CPU.ActiveCfg = Debug|Any CPU
		{7966E964-C3A2-4566-9427-87E4A26B8102}.Debug|Any CPU.Build.0 = Debug|Any CPU
		{7966E964-C3A2-4566-9427-87E4A26B8102}.Release|Any CPU.ActiveCfg = Release|Any CPU
		{7966E964-C3A2-4566-9427-87E4A26B8102}.Release|Any CPU.Build.0 = Release|Any CPU
		{81C3483F-FAD6-486F-9F6E-FF06564EA857}.Debug|Any CPU.ActiveCfg = Debug|Any CPU
		{81C3483F-FAD6-486F-9F6E-FF06564EA857}.Debug|Any CPU.Build.0 = Debug|Any CPU
		{81C3483F-FAD6-486F-9F6E-FF06564EA857}.Release|Any CPU.ActiveCfg = Release|Any CPU
		{81C3483F-FAD6-486F-9F6E-FF06564EA857}.Release|Any CPU.Build.0 = Release|Any CPU
		{29D6D9F3-E08C-4CE3-8573-24A6D654A3B6}.Debug|Any CPU.ActiveCfg = Debug|Any CPU
		{29D6D9F3-E08C-4CE3-8573-24A6D654A3B6}.Debug|Any CPU.Build.0 = Debug|Any CPU
		{29D6D9F3-E08C-4CE3-8573-24A6D654A3B6}.Release|Any CPU.ActiveCfg = Release|Any CPU
		{29D6D9F3-E08C-4CE3-8573-24A6D654A3B6}.Release|Any CPU.Build.0 = Release|Any CPU
		{B2E0B5D2-DC46-4AC7-9C00-53D067B2ABF1}.Debug|Any CPU.ActiveCfg = Debug|Any CPU
		{B2E0B5D2-DC46-4AC7-9C00-53D067B2ABF1}.Debug|Any CPU.Build.0 = Debug|Any CPU
		{B2E0B5D2-DC46-4AC7-9C00-53D067B2ABF1}.Release|Any CPU.ActiveCfg = Release|Any CPU
		{B2E0B5D2-DC46-4AC7-9C00-53D067B2ABF1}.Release|Any CPU.Build.0 = Release|Any CPU
		{6E261D94-B1C5-4622-B827-F7A2AA7A479D}.Debug|Any CPU.ActiveCfg = Debug|Any CPU
		{6E261D94-B1C5-4622-B827-F7A2AA7A479D}.Debug|Any CPU.Build.0 = Debug|Any CPU
		{6E261D94-B1C5-4622-B827-F7A2AA7A479D}.Release|Any CPU.ActiveCfg = Release|Any CPU
		{6E261D94-B1C5-4622-B827-F7A2AA7A479D}.Release|Any CPU.Build.0 = Release|Any CPU
		{997AA6A0-E558-485E-BE9F-1CEB64C07516}.Debug|Any CPU.ActiveCfg = Debug|Any CPU
		{997AA6A0-E558-485E-BE9F-1CEB64C07516}.Debug|Any CPU.Build.0 = Debug|Any CPU
		{997AA6A0-E558-485E-BE9F-1CEB64C07516}.Release|Any CPU.ActiveCfg = Release|Any CPU
		{997AA6A0-E558-485E-BE9F-1CEB64C07516}.Release|Any CPU.Build.0 = Release|Any CPU
		{A8E6F7AF-FE0D-467B-982F-05B7538794AF}.Debug|Any CPU.ActiveCfg = Debug|Any CPU
		{A8E6F7AF-FE0D-467B-982F-05B7538794AF}.Debug|Any CPU.Build.0 = Debug|Any CPU
		{A8E6F7AF-FE0D-467B-982F-05B7538794AF}.Release|Any CPU.ActiveCfg = Release|Any CPU
		{A8E6F7AF-FE0D-467B-982F-05B7538794AF}.Release|Any CPU.Build.0 = Release|Any CPU
		{A08D5125-1A35-4652-B295-93D1CC3F901F}.Debug|Any CPU.ActiveCfg = Debug|Any CPU
		{A08D5125-1A35-4652-B295-93D1CC3F901F}.Debug|Any CPU.Build.0 = Debug|Any CPU
		{A08D5125-1A35-4652-B295-93D1CC3F901F}.Release|Any CPU.ActiveCfg = Release|Any CPU
		{A08D5125-1A35-4652-B295-93D1CC3F901F}.Release|Any CPU.Build.0 = Release|Any CPU
		{F9E3408D-B64C-44BF-91C7-FC1AE27ED362}.Debug|Any CPU.ActiveCfg = Debug|Any CPU
		{F9E3408D-B64C-44BF-91C7-FC1AE27ED362}.Debug|Any CPU.Build.0 = Debug|Any CPU
		{F9E3408D-B64C-44BF-91C7-FC1AE27ED362}.Release|Any CPU.ActiveCfg = Release|Any CPU
		{F9E3408D-B64C-44BF-91C7-FC1AE27ED362}.Release|Any CPU.Build.0 = Release|Any CPU
		{2757C3F3-2A0C-4FBC-8002-C964D2967CC4}.Debug|Any CPU.ActiveCfg = Debug|Any CPU
		{2757C3F3-2A0C-4FBC-8002-C964D2967CC4}.Debug|Any CPU.Build.0 = Debug|Any CPU
		{2757C3F3-2A0C-4FBC-8002-C964D2967CC4}.Release|Any CPU.ActiveCfg = Release|Any CPU
		{2757C3F3-2A0C-4FBC-8002-C964D2967CC4}.Release|Any CPU.Build.0 = Release|Any CPU
		{E1C62761-7C43-425E-ADB4-E1D3CBE33B53}.Debug|Any CPU.ActiveCfg = Debug|Any CPU
		{E1C62761-7C43-425E-ADB4-E1D3CBE33B53}.Debug|Any CPU.Build.0 = Debug|Any CPU
		{E1C62761-7C43-425E-ADB4-E1D3CBE33B53}.Release|Any CPU.ActiveCfg = Release|Any CPU
		{E1C62761-7C43-425E-ADB4-E1D3CBE33B53}.Release|Any CPU.Build.0 = Release|Any CPU
		{9136B63F-C4B0-44A1-B5E5-D9093CBBC973}.Debug|Any CPU.ActiveCfg = Debug|Any CPU
		{9136B63F-C4B0-44A1-B5E5-D9093CBBC973}.Debug|Any CPU.Build.0 = Debug|Any CPU
		{9136B63F-C4B0-44A1-B5E5-D9093CBBC973}.Release|Any CPU.ActiveCfg = Release|Any CPU
		{9136B63F-C4B0-44A1-B5E5-D9093CBBC973}.Release|Any CPU.Build.0 = Release|Any CPU
		{8808F48B-4EC3-4267-8748-10176498DB8E}.Debug|Any CPU.ActiveCfg = Debug|Any CPU
		{8808F48B-4EC3-4267-8748-10176498DB8E}.Debug|Any CPU.Build.0 = Debug|Any CPU
		{8808F48B-4EC3-4267-8748-10176498DB8E}.Release|Any CPU.ActiveCfg = Release|Any CPU
		{8808F48B-4EC3-4267-8748-10176498DB8E}.Release|Any CPU.Build.0 = Release|Any CPU
		{EAFD1A08-E37C-41BC-83CF-C622E7534197}.Debug|Any CPU.ActiveCfg = Debug|Any CPU
		{EAFD1A08-E37C-41BC-83CF-C622E7534197}.Debug|Any CPU.Build.0 = Debug|Any CPU
		{EAFD1A08-E37C-41BC-83CF-C622E7534197}.Release|Any CPU.ActiveCfg = Release|Any CPU
		{EAFD1A08-E37C-41BC-83CF-C622E7534197}.Release|Any CPU.Build.0 = Release|Any CPU
		{060CB983-19F6-4B00-B68E-CAD470A50368}.Debug|Any CPU.ActiveCfg = Debug|Any CPU
		{060CB983-19F6-4B00-B68E-CAD470A50368}.Debug|Any CPU.Build.0 = Debug|Any CPU
		{060CB983-19F6-4B00-B68E-CAD470A50368}.Release|Any CPU.ActiveCfg = Release|Any CPU
		{060CB983-19F6-4B00-B68E-CAD470A50368}.Release|Any CPU.Build.0 = Release|Any CPU
	EndGlobalSection
	GlobalSection(SolutionProperties) = preSolution
		HideSolutionNode = FALSE
	EndGlobalSection
	GlobalSection(NestedProjects) = preSolution
		{934EB693-448C-4A50-8D98-1D7585C5806D} = {37BAC80E-B505-48B1-A2D6-499485F278A6}
		{C1F1644F-37D9-473C-B3AF-E65BA47F8002} = {37BAC80E-B505-48B1-A2D6-499485F278A6}
		{BFFD7E82-79AF-4653-8BFE-456AA88E268C} = {37BAC80E-B505-48B1-A2D6-499485F278A6}
		{0F805D32-DF45-42C2-9541-D2CDCDD532F3} = {37BAC80E-B505-48B1-A2D6-499485F278A6}
		{F46D7150-995E-49E9-8DDF-7D8BBDBBF9CD} = {37BAC80E-B505-48B1-A2D6-499485F278A6}
		{BBE6A5B3-628A-4BF8-87BA-7CF372E0D6EA} = {37BAC80E-B505-48B1-A2D6-499485F278A6}
		{4FF060B6-DACD-4E39-94A7-84090BEDA69D} = {4B093A2E-0AF1-4D50-BC7E-84E9154471E2}
		{6D3FD62A-4B73-4C28-ADD5-F06689D9398E} = {4B093A2E-0AF1-4D50-BC7E-84E9154471E2}
		{BF4FDA60-7EEB-4DC0-B1E5-414617C332A8} = {4B093A2E-0AF1-4D50-BC7E-84E9154471E2}
		{D5D8CB30-B936-46C4-9106-52B963962930} = {4B093A2E-0AF1-4D50-BC7E-84E9154471E2}
		{E2DD0126-6BAB-41DC-B25F-CB50DBF3A54B} = {4B093A2E-0AF1-4D50-BC7E-84E9154471E2}
		{1694E0C8-0108-410D-9F71-9D5090D22861} = {4B093A2E-0AF1-4D50-BC7E-84E9154471E2}
		{4B72D682-AF6A-4A69-861E-F400E8F082A3} = {4B093A2E-0AF1-4D50-BC7E-84E9154471E2}
		{1E9C21DD-B084-4CE0-B4C2-EA41520357DD} = {E8635806-3542-4142-ABEB-7A36397B993F}
		{60FC6D6D-B7DC-4BE6-82FE-BFEEEC78AD00} = {851969E4-3073-433F-8D7E-29F560DA53AB}
		{5350538C-03F2-4C14-A788-6F2D5FAA5C2E} = {C6F3DE95-D06E-4750-9833-E9B85CCC4627}
		{CAB7FC0F-C8A5-4C38-8CD8-0F74A41ADA6C} = {C6F3DE95-D06E-4750-9833-E9B85CCC4627}
		{3E93FE99-2D70-4B66-9A53-4A9B40A240AD} = {C6F3DE95-D06E-4750-9833-E9B85CCC4627}
		{CC1FB6AF-96F8-4AA2-89F5-06719009B3DB} = {C6F3DE95-D06E-4750-9833-E9B85CCC4627}
		{F0211129-B7A0-48DA-A311-C8D1C6C57108} = {C6F3DE95-D06E-4750-9833-E9B85CCC4627}
		{7966E964-C3A2-4566-9427-87E4A26B8102} = {C6F3DE95-D06E-4750-9833-E9B85CCC4627}
		{81C3483F-FAD6-486F-9F6E-FF06564EA857} = {C6F3DE95-D06E-4750-9833-E9B85CCC4627}
		{29D6D9F3-E08C-4CE3-8573-24A6D654A3B6} = {C6F3DE95-D06E-4750-9833-E9B85CCC4627}
		{B2E0B5D2-DC46-4AC7-9C00-53D067B2ABF1} = {C6F3DE95-D06E-4750-9833-E9B85CCC4627}
		{6E261D94-B1C5-4622-B827-F7A2AA7A479D} = {26DECFD1-767E-4638-9F6D-1751ADB4BB93}
		{997AA6A0-E558-485E-BE9F-1CEB64C07516} = {5C67D1C1-9AEA-4A75-9388-C3D34C5EDDD0}
		{A8E6F7AF-FE0D-467B-982F-05B7538794AF} = {5C67D1C1-9AEA-4A75-9388-C3D34C5EDDD0}
		{A08D5125-1A35-4652-B295-93D1CC3F901F} = {5C67D1C1-9AEA-4A75-9388-C3D34C5EDDD0}
		{F9E3408D-B64C-44BF-91C7-FC1AE27ED362} = {5C67D1C1-9AEA-4A75-9388-C3D34C5EDDD0}
		{2757C3F3-2A0C-4FBC-8002-C964D2967CC4} = {5C67D1C1-9AEA-4A75-9388-C3D34C5EDDD0}
		{E1C62761-7C43-425E-ADB4-E1D3CBE33B53} = {5C67D1C1-9AEA-4A75-9388-C3D34C5EDDD0}
		{9136B63F-C4B0-44A1-B5E5-D9093CBBC973} = {5C67D1C1-9AEA-4A75-9388-C3D34C5EDDD0}
		{8808F48B-4EC3-4267-8748-10176498DB8E} = {5C67D1C1-9AEA-4A75-9388-C3D34C5EDDD0}
		{EAFD1A08-E37C-41BC-83CF-C622E7534197} = {5C67D1C1-9AEA-4A75-9388-C3D34C5EDDD0}
		{060CB983-19F6-4B00-B68E-CAD470A50368} = {5C67D1C1-9AEA-4A75-9388-C3D34C5EDDD0}
	EndGlobalSection
	GlobalSection(ExtensibilityGlobals) = postSolution
		SolutionGuid = {1BE75257-2133-4893-BBDB-A417468A0519}
	EndGlobalSection
EndGlobal
